
Microsoft Visual Studio Solution File, Format Version 11.00
# Visual Studio 2010
Project("{FAE04EC0-301F-11D3-BF4B-00C04F79EFBC}") = "WaterSounds", "WaterSounds\WaterSounds.csproj", "{419C72AC-7C1F-4C3B-9A50-C1891ECB524C}"
EndProject
Global
	GlobalSection(SolutionConfigurationPlatforms) = preSolution
		Debug|Any CPU = Debug|Any CPU
		Release|Any CPU = Release|Any CPU
	EndGlobalSection
	GlobalSection(ProjectConfigurationPlatforms) = postSolution
		{419C72AC-7C1F-4C3B-9A50-C1891ECB524C}.Debug|Any CPU.ActiveCfg = Debug|Any CPU
		{419C72AC-7C1F-4C3B-9A50-C1891ECB524C}.Debug|Any CPU.Build.0 = Debug|Any CPU
		{419C72AC-7C1F-4C3B-9A50-C1891ECB524C}.Release|Any CPU.ActiveCfg = Release|Any CPU
		{419C72AC-7C1F-4C3B-9A50-C1891ECB524C}.Release|Any CPU.Build.0 = Release|Any CPU
	EndGlobalSection
	GlobalSection(SolutionProperties) = preSolution
		HideSolutionNode = FALSE
	EndGlobalSection
EndGlobal
